// !$*UTF8*$!
{
	archiveVersion = 1;
	classes = {
	};
	objectVersion = 51;
	objects = {

/* Begin PBXBuildFile section */
		1FFFA2AE38CCE4D4D5C32E7D /* Pods_LogInUI.framework in Frameworks */ = {isa = PBXBuildFile; fileRef = B2000A4E7AB934F9B098F748 /* Pods_LogInUI.framework */; };
		8E69E1D622F2A2AA0059A761 /* AppDelegate.swift in Sources */ = {isa = PBXBuildFile; fileRef = 8E69E1D522F2A2AA0059A761 /* AppDelegate.swift */; };
		8E69E1D822F2A2AA0059A761 /* ViewController.swift in Sources */ = {isa = PBXBuildFile; fileRef = 8E69E1D722F2A2AA0059A761 /* ViewController.swift */; };
		8E69E1DB22F2A2AA0059A761 /* Main.storyboard in Resources */ = {isa = PBXBuildFile; fileRef = 8E69E1D922F2A2AA0059A761 /* Main.storyboard */; };
		8E69E1DD22F2A2B70059A761 /* Assets.xcassets in Resources */ = {isa = PBXBuildFile; fileRef = 8E69E1DC22F2A2B70059A761 /* Assets.xcassets */; };
		8E69E1E022F2A2B70059A761 /* LaunchScreen.storyboard in Resources */ = {isa = PBXBuildFile; fileRef = 8E69E1DE22F2A2B70059A761 /* LaunchScreen.storyboard */; };
		8E69E1E822F2A55F0059A761 /* UIImageViewEx.swift in Sources */ = {isa = PBXBuildFile; fileRef = 8E69E1E722F2A55F0059A761 /* UIImageViewEx.swift */; };
		8E69E1EA22F2B2DD0059A761 /* UIButtonEx.swift in Sources */ = {isa = PBXBuildFile; fileRef = 8E69E1E922F2B2DD0059A761 /* UIButtonEx.swift */; };
/* End PBXBuildFile section */

/* Begin PBXFileReference section */
		005CC1AB522BA3021C3E3566 /* Pods-LogInUI.release.xcconfig */ = {isa = PBXFileReference; includeInIndex = 1; lastKnownFileType = text.xcconfig; name = "Pods-LogInUI.release.xcconfig"; path = "Target Support Files/Pods-LogInUI/Pods-LogInUI.release.xcconfig"; sourceTree = "<group>"; };
		647BEFE972849B218425BB37 /* Pods-LogInUI.debug.xcconfig */ = {isa = PBXFileReference; includeInIndex = 1; lastKnownFileType = text.xcconfig; name = "Pods-LogInUI.debug.xcconfig"; path = "Target Support Files/Pods-LogInUI/Pods-LogInUI.debug.xcconfig"; sourceTree = "<group>"; };
		8E69E1D222F2A2AA0059A761 /* LogInUI.app */ = {isa = PBXFileReference; explicitFileType = wrapper.application; includeInIndex = 0; path = LogInUI.app; sourceTree = BUILT_PRODUCTS_DIR; };
		8E69E1D522F2A2AA0059A761 /* AppDelegate.swift */ = {isa = PBXFileReference; lastKnownFileType = sourcecode.swift; path = AppDelegate.swift; sourceTree = "<group>"; };
		8E69E1D722F2A2AA0059A761 /* ViewController.swift */ = {isa = PBXFileReference; lastKnownFileType = sourcecode.swift; path = ViewController.swift; sourceTree = "<group>"; };
		8E69E1DA22F2A2AA0059A761 /* Base */ = {isa = PBXFileReference; lastKnownFileType = file.storyboard; name = Base; path = Base.lproj/Main.storyboard; sourceTree = "<group>"; };
		8E69E1DC22F2A2B70059A761 /* Assets.xcassets */ = {isa = PBXFileReference; lastKnownFileType = folder.assetcatalog; path = Assets.xcassets; sourceTree = "<group>"; };
		8E69E1DF22F2A2B70059A761 /* Base */ = {isa = PBXFileReference; lastKnownFileType = file.storyboard; name = Base; path = Base.lproj/LaunchScreen.storyboard; sourceTree = "<group>"; };
		8E69E1E122F2A2B70059A761 /* Info.plist */ = {isa = PBXFileReference; lastKnownFileType = text.plist.xml; path = Info.plist; sourceTree = "<group>"; };
		8E69E1E722F2A55F0059A761 /* UIImageViewEx.swift */ = {isa = PBXFileReference; lastKnownFileType = sourcecode.swift; path = UIImageViewEx.swift; sourceTree = "<group>"; };
		8E69E1E922F2B2DD0059A761 /* UIButtonEx.swift */ = {isa = PBXFileReference; lastKnownFileType = sourcecode.swift; path = UIButtonEx.swift; sourceTree = "<group>"; };
		8E69E1ED22F2D5800059A761 /* LogInUI-Bridging-Header.h */ = {isa = PBXFileReference; lastKnownFileType = sourcecode.c.h; path = "LogInUI-Bridging-Header.h"; sourceTree = "<group>"; };
		B2000A4E7AB934F9B098F748 /* Pods_LogInUI.framework */ = {isa = PBXFileReference; explicitFileType = wrapper.framework; includeInIndex = 0; path = Pods_LogInUI.framework; sourceTree = BUILT_PRODUCTS_DIR; };
/* End PBXFileReference section */

/* Begin PBXFrameworksBuildPhase section */
		8E69E1CF22F2A2AA0059A761 /* Frameworks */ = {
			isa = PBXFrameworksBuildPhase;
			buildActionMask = 2147483647;
			files = (
				1FFFA2AE38CCE4D4D5C32E7D /* Pods_LogInUI.framework in Frameworks */,
			);
			runOnlyForDeploymentPostprocessing = 0;
		};
/* End PBXFrameworksBuildPhase section */

/* Begin PBXGroup section */
		369D195CF9A72E4A823D0419 /* Pods */ = {
			isa = PBXGroup;
			children = (
				647BEFE972849B218425BB37 /* Pods-LogInUI.debug.xcconfig */,
				005CC1AB522BA3021C3E3566 /* Pods-LogInUI.release.xcconfig */,
			);
			path = Pods;
			sourceTree = "<group>";
		};
		377A50FE6E72047EE299A682 /* Frameworks */ = {
			isa = PBXGroup;
			children = (
				B2000A4E7AB934F9B098F748 /* Pods_LogInUI.framework */,
			);
			name = Frameworks;
			sourceTree = "<group>";
		};
		8E69E1C922F2A2AA0059A761 = {
			isa = PBXGroup;
			children = (
				8E69E1D422F2A2AA0059A761 /* LogInUI */,
				8E69E1D322F2A2AA0059A761 /* Products */,
				369D195CF9A72E4A823D0419 /* Pods */,
				377A50FE6E72047EE299A682 /* Frameworks */,
			);
			sourceTree = "<group>";
		};
		8E69E1D322F2A2AA0059A761 /* Products */ = {
			isa = PBXGroup;
			children = (
				8E69E1D222F2A2AA0059A761 /* LogInUI.app */,
			);
			name = Products;
			sourceTree = "<group>";
		};
		8E69E1D422F2A2AA0059A761 /* LogInUI */ = {
			isa = PBXGroup;
			children = (
				8E69E1D522F2A2AA0059A761 /* AppDelegate.swift */,
				8E69E1D722F2A2AA0059A761 /* ViewController.swift */,
				8E69E1E722F2A55F0059A761 /* UIImageViewEx.swift */,
				8E69E1E922F2B2DD0059A761 /* UIButtonEx.swift */,
				8E69E1D922F2A2AA0059A761 /* Main.storyboard */,
				8E69E1DC22F2A2B70059A761 /* Assets.xcassets */,
				8E69E1DE22F2A2B70059A761 /* LaunchScreen.storyboard */,
				8E69E1E122F2A2B70059A761 /* Info.plist */,
				8E69E1ED22F2D5800059A761 /* LogInUI-Bridging-Header.h */,
			);
			path = LogInUI;
			sourceTree = "<group>";
		};
/* End PBXGroup section */

/* Begin PBXNativeTarget section */
		8E69E1D122F2A2AA0059A761 /* LogInUI */ = {
			isa = PBXNativeTarget;
			buildConfigurationList = 8E69E1E422F2A2B70059A761 /* Build configuration list for PBXNativeTarget "LogInUI" */;
			buildPhases = (
				63ACAE74046821D3BCF6FE30 /* [CP] Check Pods Manifest.lock */,
				8E69E1CE22F2A2AA0059A761 /* Sources */,
				8E69E1CF22F2A2AA0059A761 /* Frameworks */,
				8E69E1D022F2A2AA0059A761 /* Resources */,
				6B0FD52CBF253F2A7A38624C /* [CP] Embed Pods Frameworks */,
				82D9A7D99C6E92F55EFA3042 /* [CP] Copy Pods Resources */,
			);
			buildRules = (
			);
			dependencies = (
			);
			name = LogInUI;
			productName = LogInUI;
			productReference = 8E69E1D222F2A2AA0059A761 /* LogInUI.app */;
			productType = "com.apple.product-type.application";
		};
/* End PBXNativeTarget section */

/* Begin PBXProject section */
		8E69E1CA22F2A2AA0059A761 /* Project object */ = {
			isa = PBXProject;
			attributes = {
				LastSwiftUpdateCheck = 1010;
				LastUpgradeCheck = 1010;
				ORGANIZATIONNAME = "Pathmazing Inc";
				TargetAttributes = {
					8E69E1D122F2A2AA0059A761 = {
						CreatedOnToolsVersion = 10.1;
						LastSwiftMigration = 1010;
					};
				};
			};
			buildConfigurationList = 8E69E1CD22F2A2AA0059A761 /* Build configuration list for PBXProject "LogInUI" */;
			compatibilityVersion = "Xcode 9.3";
			developmentRegion = en;
			hasScannedForEncodings = 0;
			knownRegions = (
				en,
				Base,
			);
			mainGroup = 8E69E1C922F2A2AA0059A761;
			productRefGroup = 8E69E1D322F2A2AA0059A761 /* Products */;
			projectDirPath = "";
			projectRoot = "";
			targets = (
				8E69E1D122F2A2AA0059A761 /* LogInUI */,
			);
		};
/* End PBXProject section */

/* Begin PBXResourcesBuildPhase section */
		8E69E1D022F2A2AA0059A761 /* Resources */ = {
			isa = PBXResourcesBuildPhase;
			buildActionMask = 2147483647;
			files = (
				8E69E1E022F2A2B70059A761 /* LaunchScreen.storyboard in Resources */,
				8E69E1DD22F2A2B70059A761 /* Assets.xcassets in Resources */,
				8E69E1DB22F2A2AA0059A761 /* Main.storyboard in Resources */,
			);
			runOnlyForDeploymentPostprocessing = 0;
		};
/* End PBXResourcesBuildPhase section */

/* Begin PBXShellScriptBuildPhase section */
		63ACAE74046821D3BCF6FE30 /* [CP] Check Pods Manifest.lock */ = {
			isa = PBXShellScriptBuildPhase;
			buildActionMask = 2147483647;
			files = (
			);
			inputFileListPaths = (
			);
			inputPaths = (
				"${PODS_PODFILE_DIR_PATH}/Podfile.lock",
				"${PODS_ROOT}/Manifest.lock",
			);
			name = "[CP] Check Pods Manifest.lock";
			outputFileListPaths = (
			);
			outputPaths = (
				"$(DERIVED_FILE_DIR)/Pods-LogInUI-checkManifestLockResult.txt",
			);
			runOnlyForDeploymentPostprocessing = 0;
			shellPath = /bin/sh;
			shellScript = "diff \"${PODS_PODFILE_DIR_PATH}/Podfile.lock\" \"${PODS_ROOT}/Manifest.lock\" > /dev/null\nif [ $? != 0 ] ; then\n    # print error to STDERR\n    echo \"error: The sandbox is not in sync with the Podfile.lock. Run 'pod install' or update your CocoaPods installation.\" >&2\n    exit 1\nfi\n# This output is used by Xcode 'outputs' to avoid re-running this script phase.\necho \"SUCCESS\" > \"${SCRIPT_OUTPUT_FILE_0}\"\n";
			showEnvVarsInLog = 0;
		};
		6B0FD52CBF253F2A7A38624C /* [CP] Embed Pods Frameworks */ = {
			isa = PBXShellScriptBuildPhase;
			buildActionMask = 2147483647;
			files = (
			);
			inputFileListPaths = (
				"${PODS_ROOT}/Target Support Files/Pods-LogInUI/Pods-LogInUI-frameworks-${CONFIGURATION}-input-files.xcfilelist",
			);
			name = "[CP] Embed Pods Frameworks";
			outputFileListPaths = (
				"${PODS_ROOT}/Target Support Files/Pods-LogInUI/Pods-LogInUI-frameworks-${CONFIGURATION}-output-files.xcfilelist",
			);
			runOnlyForDeploymentPostprocessing = 0;
			shellPath = /bin/sh;
			shellScript = "\"${PODS_ROOT}/Target Support Files/Pods-LogInUI/Pods-LogInUI-frameworks.sh\"\n";
			showEnvVarsInLog = 0;
		};
		82D9A7D99C6E92F55EFA3042 /* [CP] Copy Pods Resources */ = {
			isa = PBXShellScriptBuildPhase;
			buildActionMask = 2147483647;
			files = (
			);
			inputFileListPaths = (
				"${PODS_ROOT}/Target Support Files/Pods-LogInUI/Pods-LogInUI-resources-${CONFIGURATION}-input-files.xcfilelist",
			);
			name = "[CP] Copy Pods Resources";
			outputFileListPaths = (
				"${PODS_ROOT}/Target Support Files/Pods-LogInUI/Pods-LogInUI-resources-${CONFIGURATION}-output-files.xcfilelist",
			);
			runOnlyForDeploymentPostprocessing = 0;
			shellPath = /bin/sh;
			shellScript = "\"${PODS_ROOT}/Target Support Files/Pods-LogInUI/Pods-LogInUI-resources.sh\"\n";
			showEnvVarsInLog = 0;
		};
/* End PBXShellScriptBuildPhase section */

/* Begin PBXSourcesBuildPhase section */
		8E69E1CE22F2A2AA0059A761 /* Sources */ = {
			isa = PBXSourcesBuildPhase;
			buildActionMask = 2147483647;
			files = (
				8E69E1E822F2A55F0059A761 /* UIImageViewEx.swift in Sources */,
				8E69E1D822F2A2AA0059A761 /* ViewController.swift in Sources */,
				8E69E1EA22F2B2DD0059A761 /* UIButtonEx.swift in Sources */,
				8E69E1D622F2A2AA0059A761 /* AppDelegate.swift in Sources */,
			);
			runOnlyForDeploymentPostprocessing = 0;
		};
/* End PBXSourcesBuildPhase section */

/* Begin PBXVariantGroup section */
		8E69E1D922F2A2AA0059A761 /* Main.storyboard */ = {
			isa = PBXVariantGroup;
			children = (
				8E69E1DA22F2A2AA0059A761 /* Base */,
			);
			name = Main.storyboard;
			sourceTree = "<group>";
		};
		8E69E1DE22F2A2B70059A761 /* LaunchScreen.storyboard */ = {
			isa = PBXVariantGroup;
			children = (
				8E69E1DF22F2A2B70059A761 /* Base */,
			);
			name = LaunchScreen.storyboard;
			sourceTree = "<group>";
		};
/* End PBXVariantGroup section */

/* Begin XCBuildConfiguration section */
		8E69E1E222F2A2B70059A761 /* Debug */ = {
			isa = XCBuildConfiguration;
			buildSettings = {
				ALWAYS_SEARCH_USER_PATHS = NO;
				CLANG_ANALYZER_NONNULL = YES;
				CLANG_ANALYZER_NUMBER_OBJECT_CONVERSION = YES_AGGRESSIVE;
				CLANG_CXX_LANGUAGE_STANDARD = "gnu++14";
				CLANG_CXX_LIBRARY = "libc++";
				CLANG_ENABLE_MODULES = YES;
				CLANG_ENABLE_OBJC_ARC = YES;
				CLANG_ENABLE_OBJC_WEAK = YES;
				CLANG_WARN_BLOCK_CAPTURE_AUTORELEASING = YES;
				CLANG_WARN_BOOL_CONVERSION = YES;
				CLANG_WARN_COMMA = YES;
				CLANG_WARN_CONSTANT_CONVERSION = YES;
				CLANG_WARN_DEPRECATED_OBJC_IMPLEMENTATIONS = YES;
				CLANG_WARN_DIRECT_OBJC_ISA_USAGE = YES_ERROR;
				CLANG_WARN_DOCUMENTATION_COMMENTS = YES;
				CLANG_WARN_EMPTY_BODY = YES;
				CLANG_WARN_ENUM_CONVERSION = YES;
				CLANG_WARN_INFINITE_RECURSION = YES;
				CLANG_WARN_INT_CONVERSION = YES;
				CLANG_WARN_NON_LITERAL_NULL_CONVERSION = YES;
				CLANG_WARN_OBJC_IMPLICIT_RETAIN_SELF = YES;
				CLANG_WARN_OBJC_LITERAL_CONVERSION = YES;
				CLANG_WARN_OBJC_ROOT_CLASS = YES_ERROR;
				CLANG_WARN_RANGE_LOOP_ANALYSIS = YES;
				CLANG_WARN_STRICT_PROTOTYPES = YES;
				CLANG_WARN_SUSPICIOUS_MOVE = YES;
				CLANG_WARN_UNGUARDED_AVAILABILITY = YES_AGGRESSIVE;
				CLANG_WARN_UNREACHABLE_CODE = YES;
				CLANG_WARN__DUPLICATE_METHOD_MATCH = YES;
				CODE_SIGN_IDENTITY = "iPhone Developer";
				COPY_PHASE_STRIP = NO;
				DEBUG_INFORMATION_FORMAT = dwarf;
				ENABLE_STRICT_OBJC_MSGSEND = YES;
				ENABLE_TESTABILITY = YES;
				GCC_C_LANGUAGE_STANDARD = gnu11;
				GCC_DYNAMIC_NO_PIC = NO;
				GCC_NO_COMMON_BLOCKS = YES;
				GCC_OPTIMIZATION_LEVEL = 0;
				GCC_PREPROCESSOR_DEFINITIONS = (
					"DEBUG=1",
					"$(inherited)",
				);
				GCC_WARN_64_TO_32_BIT_CONVERSION = YES;
				GCC_WARN_ABOUT_RETURN_TYPE = YES_ERROR;
				GCC_WARN_UNDECLARED_SELECTOR = YES;
				GCC_WARN_UNINITIALIZED_AUTOS = YES_AGGRESSIVE;
				GCC_WARN_UNUSED_FUNCTION = YES;
				GCC_WARN_UNUSED_VARIABLE = YES;
				IPHONEOS_DEPLOYMENT_TARGET = 12.1;
				MTL_ENABLE_DEBUG_INFO = INCLUDE_SOURCE;
				MTL_FAST_MATH = YES;
				ONLY_ACTIVE_ARCH = YES;
				SDKROOT = iphoneos;
				SWIFT_ACTIVE_COMPILATION_CONDITIONS = DEBUG;
				SWIFT_OPTIMIZATION_LEVEL = "-Onone";
			};
			name = Debug;
		};
		8E69E1E322F2A2B70059A761 /* Release */ = {
			isa = XCBuildConfiguration;
			buildSettings = {
				ALWAYS_SEARCH_USER_PATHS = NO;
				CLANG_ANALYZER_NONNULL = YES;
				CLANG_ANALYZER_NUMBER_OBJECT_CONVERSION = YES_AGGRESSIVE;
				CLANG_CXX_LANGUAGE_STANDARD = "gnu++14";
				CLANG_CXX_LIBRARY = "libc++";
				CLANG_ENABLE_MODULES = YES;
				CLANG_ENABLE_OBJC_ARC = YES;
				CLANG_ENABLE_OBJC_WEAK = YES;
				CLANG_WARN_BLOCK_CAPTURE_AUTORELEASING = YES;
				CLANG_WARN_BOOL_CONVERSION = YES;
				CLANG_WARN_COMMA = YES;
				CLANG_WARN_CONSTANT_CONVERSION = YES;
				CLANG_WARN_DEPRECATED_OBJC_IMPLEMENTATIONS = YES;
				CLANG_WARN_DIRECT_OBJC_ISA_USAGE = YES_ERROR;
				CLANG_WARN_DOCUMENTATION_COMMENTS = YES;
				CLANG_WARN_EMPTY_BODY = YES;
				CLANG_WARN_ENUM_CONVERSION = YES;
				CLANG_WARN_INFINITE_RECURSION = YES;
				CLANG_WARN_INT_CONVERSION = YES;
				CLANG_WARN_NON_LITERAL_NULL_CONVERSION = YES;
				CLANG_WARN_OBJC_IMPLICIT_RETAIN_SELF = YES;
				CLANG_WARN_OBJC_LITERAL_CONVERSION = YES;
				CLANG_WARN_OBJC_ROOT_CLASS = YES_ERROR;
				CLANG_WARN_RANGE_LOOP_ANALYSIS = YES;
				CLANG_WARN_STRICT_PROTOTYPES = YES;
				CLANG_WARN_SUSPICIOUS_MOVE = YES;
				CLANG_WARN_UNGUARDED_AVAILABILITY = YES_AGGRESSIVE;
				CLANG_WARN_UNREACHABLE_CODE = YES;
				CLANG_WARN__DUPLICATE_METHOD_MATCH = YES;
				CODE_SIGN_IDENTITY = "iPhone Developer";
				COPY_PHASE_STRIP = NO;
				DEBUG_INFORMATION_FORMAT = "dwarf-with-dsym";
				ENABLE_NS_ASSERTIONS = NO;
				ENABLE_STRICT_OBJC_MSGSEND = YES;
				GCC_C_LANGUAGE_STANDARD = gnu11;
				GCC_NO_COMMON_BLOCKS = YES;
				GCC_WARN_64_TO_32_BIT_CONVERSION = YES;
				GCC_WARN_ABOUT_RETURN_TYPE = YES_ERROR;
				GCC_WARN_UNDECLARED_SELECTOR = YES;
				GCC_WARN_UNINITIALIZED_AUTOS = YES_AGGRESSIVE;
				GCC_WARN_UNUSED_FUNCTION = YES;
				GCC_WARN_UNUSED_VARIABLE = YES;
				IPHONEOS_DEPLOYMENT_TARGET = 12.1;
				MTL_ENABLE_DEBUG_INFO = NO;
				MTL_FAST_MATH = YES;
				SDKROOT = iphoneos;
				SWIFT_COMPILATION_MODE = wholemodule;
				SWIFT_OPTIMIZATION_LEVEL = "-O";
				VALIDATE_PRODUCT = YES;
			};
			name = Release;
		};
		8E69E1E522F2A2B70059A761 /* Debug */ = {
			isa = XCBuildConfiguration;
			baseConfigurationReference = 647BEFE972849B218425BB37 /* Pods-LogInUI.debug.xcconfig */;
			buildSettings = {
				ASSETCATALOG_COMPILER_APPICON_NAME = AppIcon;
				CLANG_ENABLE_MODULES = YES;
				CODE_SIGN_STYLE = Automatic;
				DEVELOPMENT_TEAM = JJFMXD8VKW;
				INFOPLIST_FILE = LogInUI/Info.plist;
				IPHONEOS_DEPLOYMENT_TARGET = 10.0;
				LD_RUNPATH_SEARCH_PATHS = (
					"$(inherited)",
					"@executable_path/Frameworks",
				);
				PRODUCT_BUNDLE_IDENTIFIER = com.familysignal.LogInUI;
				PRODUCT_NAME = "$(TARGET_NAME)";
				SWIFT_OBJC_BRIDGING_HEADER = "LogInUI/LogInUI-Bridging-Header.h";
				SWIFT_OPTIMIZATION_LEVEL = "-Onone";
				SWIFT_VERSION = 4.2;
				TARGETED_DEVICE_FAMILY = 1;
			};
			name = Debug;
		};
		8E69E1E622F2A2B70059A761 /* Release */ = {
			isa = XCBuildConfiguration;
			baseConfigurationReference = 005CC1AB522BA3021C3E3566 /* Pods-LogInUI.release.xcconfig */;
			buildSettings = {
				ASSETCATALOG_COMPILER_APPICON_NAME = AppIcon;
				CLANG_ENABLE_MODULES = YES;
				CODE_SIGN_STYLE = Automatic;
				DEVELOPMENT_TEAM = JJFMXD8VKW;
				INFOPLIST_FILE = LogInUI/Info.plist;
				IPHONEOS_DEPLOYMENT_TARGET = 10.0;
				LD_RUNPATH_SEARCH_PATHS = (
					"$(inherited)",
					"@executable_path/Frameworks",
				);
				PRODUCT_BUNDLE_IDENTIFIER = com.familysignal.LogInUI;
				PRODUCT_NAME = "$(TARGET_NAME)";
				SWIFT_OBJC_BRIDGING_HEADER = "LogInUI/LogInUI-Bridging-Header.h";
				SWIFT_VERSION = 4.2;
				TARGETED_DEVICE_FAMILY = 1;
			};
			name = Release;
		};
/* End XCBuildConfiguration section */

/* Begin XCConfigurationList section */
		8E69E1CD22F2A2AA0059A761 /* Build configuration list for PBXProject "LogInUI" */ = {
			isa = XCConfigurationList;
			buildConfigurations = (
				8E69E1E222F2A2B70059A761 /* Debug */,
				8E69E1E322F2A2B70059A761 /* Release */,
			);
			defaultConfigurationIsVisible = 0;
			defaultConfigurationName = Release;
		};
		8E69E1E422F2A2B70059A761 /* Build configuration list for PBXNativeTarget "LogInUI" */ = {
			isa = XCConfigurationList;
			buildConfigurations = (
				8E69E1E522F2A2B70059A761 /* Debug */,
				8E69E1E622F2A2B70059A761 /* Release */,
			);
			defaultConfigurationIsVisible = 0;
			defaultConfigurationName = Release;
		};
/* End XCConfigurationList section */
	};
	rootObject = 8E69E1CA22F2A2AA0059A761 /* Project object */;
}
